
Microsoft Visual Studio Solution File, Format Version 12.00
# Visual Studio 14
VisualStudioVersion = 14.0.25123.0
MinimumVisualStudioVersion = 10.0.40219.1
Project("{FAE04EC0-301F-11D3-BF4B-00C04F79EFBC}") = "CrudWebForms_SQLite", "CrudWebForms_SQLite\CrudWebForms_SQLite.csproj", "{D496C66E-A402-4B56-8698-2E40A6E4D620}"
EndProject
Global
	GlobalSection(SolutionConfigurationPlatforms) = preSolution
		Debug|Any CPU = Debug|Any CPU
		Release|Any CPU = Release|Any CPU
	EndGlobalSection
	GlobalSection(ProjectConfigurationPlatforms) = postSolution
		{D496C66E-A402-4B56-8698-2E40A6E4D620}.Debug|Any CPU.ActiveCfg = Debug|Any CPU
		{D496C66E-A402-4B56-8698-2E40A6E4D620}.Debug|Any CPU.Build.0 = Debug|Any CPU
		{D496C66E-A402-4B56-8698-2E40A6E4D620}.Release|Any CPU.ActiveCfg = Release|Any CPU
		{D496C66E-A402-4B56-8698-2E40A6E4D620}.Release|Any CPU.Build.0 = Release|Any CPU
	EndGlobalSection
	GlobalSection(SolutionProperties) = preSolution
		HideSolutionNode = FALSE
	EndGlobalSection
EndGlobal
